{
  "nodes": {
    "nixpkgs": {
      "locked": {
        "lastModified": 1765638360,
        "narHash": "sha256-7BaJMUpym/WAz933fP52oN4p2Sdw4jr0yjxa3Rbgy0g=",
        "owner": "NixOS",
        "repo": "nixpkgs",
        "rev": "069f0bfffd0e945fb522fda3adeef3b060b5a09a",
        "type": "github"
      },
      "original": {
        "owner": "NixOS",
        "repo": "nixpkgs",
        "type": "github"
      }
    },
    "root": {
      "inputs": {
        "nixpkgs": "nixpkgs"
      }
    }
  },
  "root": "root",
  "version": 7
}
