{
  "nodes": {
    "nixpkgs": {
      "locked": {
        "lastModified": 1765645916,
        "narHash": "sha256-1uedsHM2SKtPGB8h1TBlwrfvjHL0xhMDrlyU0tcZevE=",
        "owner": "NixOS",
        "repo": "nixpkgs",
        "rev": "b8c672931965114fb37aae1ec17008e49b966d06",
        "type": "github"
      },
      "original": {
        "owner": "NixOS",
        "repo": "nixpkgs",
        "type": "github"
      }
    },
    "root": {
      "inputs": {
        "nixpkgs": "nixpkgs"
      }
    }
  },
  "root": "root",
  "version": 7
}
